
Microsoft Visual Studio Solution File, Format Version 12.00
# Visual Studio Version 17
VisualStudioVersion = 17.0.31903.59
MinimumVisualStudioVersion = 10.0.40219.1
Project("{FAE04EC0-301F-11D3-BF4B-00C04F79EFBC}") = "InvestLens.App", "src\InvestLens.App\InvestLens.App.csproj", "{F5739897-695E-4C20-84A1-138CDD5E0D09}"
EndProject
Project("{2150E333-8FDC-42A3-9474-1A3956D46DE8}") = "Plugins", "Plugins", "{02EA681E-C7D8-13C7-8484-4AC65E1B71E8}"
EndProject
Project("{FAE04EC0-301F-11D3-BF4B-00C04F79EFBC}") = "InvestLens.Tests", "tests\InvestLens.Tests\InvestLens.Tests.csproj", "{8D145553-4A16-4201-A254-64CF96053DF6}"
EndProject
Project("{FAE04EC0-301F-11D3-BF4B-00C04F79EFBC}") = "InvestLens.ViewModel", "src\InvestLens.ViewModel\InvestLens.ViewModel.csproj", "{7EC94186-E59E-4F52-927A-785D5314E2CE}"
EndProject
Project("{2150E333-8FDC-42A3-9474-1A3956D46DE8}") = "architecture", "architecture", "{71A5A21E-DA2C-47BB-808C-83C658BD10DB}"
	ProjectSection(SolutionItems) = preProject
		architecture\LoginCodeMap.dgml = architecture\LoginCodeMap.dgml
		architecture\PortfolioCodeMap.dgml = architecture\PortfolioCodeMap.dgml
	EndProjectSection
EndProject
Project("{2150E333-8FDC-42A3-9474-1A3956D46DE8}") = "Solution Items", "Solution Items", "{8EC462FD-D22E-90A8-E5CE-7E832BA40C5D}"
	ProjectSection(SolutionItems) = preProject
		README.md = README.md
	EndProjectSection
EndProject
Project("{2150E333-8FDC-42A3-9474-1A3956D46DE8}") = "shared", "shared", "{9E205E43-5F52-49B0-AE39-575835EB9930}"
EndProject
Project("{FAE04EC0-301F-11D3-BF4B-00C04F79EFBC}") = "InvestLens.Shared", "src\shared\src\InvestLens.Shared\InvestLens.Shared.csproj", "{9DF5641A-4CF8-72F8-F709-0D26D0F47C18}"
EndProject
Project("{FAE04EC0-301F-11D3-BF4B-00C04F79EFBC}") = "InvestLens.Shared.Tests", "..\InvestLens.Shared\InvestLens.Tests\InvestLens.Shared.Tests.csproj", "{9CDF284B-A490-E309-7811-A3C745DE683D}"
EndProject
Global
	GlobalSection(SolutionConfigurationPlatforms) = preSolution
		Debug|Any CPU = Debug|Any CPU
		Release|Any CPU = Release|Any CPU
	EndGlobalSection
	GlobalSection(ProjectConfigurationPlatforms) = postSolution
		{F5739897-695E-4C20-84A1-138CDD5E0D09}.Debug|Any CPU.ActiveCfg = Debug|Any CPU
		{F5739897-695E-4C20-84A1-138CDD5E0D09}.Debug|Any CPU.Build.0 = Debug|Any CPU
		{F5739897-695E-4C20-84A1-138CDD5E0D09}.Release|Any CPU.ActiveCfg = Release|Any CPU
		{F5739897-695E-4C20-84A1-138CDD5E0D09}.Release|Any CPU.Build.0 = Release|Any CPU
		{8D145553-4A16-4201-A254-64CF96053DF6}.Debug|Any CPU.ActiveCfg = Debug|Any CPU
		{8D145553-4A16-4201-A254-64CF96053DF6}.Debug|Any CPU.Build.0 = Debug|Any CPU
		{8D145553-4A16-4201-A254-64CF96053DF6}.Release|Any CPU.ActiveCfg = Release|Any CPU
		{8D145553-4A16-4201-A254-64CF96053DF6}.Release|Any CPU.Build.0 = Release|Any CPU
		{7EC94186-E59E-4F52-927A-785D5314E2CE}.Debug|Any CPU.ActiveCfg = Debug|Any CPU
		{7EC94186-E59E-4F52-927A-785D5314E2CE}.Debug|Any CPU.Build.0 = Debug|Any CPU
		{7EC94186-E59E-4F52-927A-785D5314E2CE}.Release|Any CPU.ActiveCfg = Release|Any CPU
		{7EC94186-E59E-4F52-927A-785D5314E2CE}.Release|Any CPU.Build.0 = Release|Any CPU
		{9DF5641A-4CF8-72F8-F709-0D26D0F47C18}.Debug|Any CPU.ActiveCfg = Debug|Any CPU
		{9DF5641A-4CF8-72F8-F709-0D26D0F47C18}.Debug|Any CPU.Build.0 = Debug|Any CPU
		{9DF5641A-4CF8-72F8-F709-0D26D0F47C18}.Release|Any CPU.ActiveCfg = Release|Any CPU
		{9DF5641A-4CF8-72F8-F709-0D26D0F47C18}.Release|Any CPU.Build.0 = Release|Any CPU
		{9CDF284B-A490-E309-7811-A3C745DE683D}.Debug|Any CPU.ActiveCfg = Debug|Any CPU
		{9CDF284B-A490-E309-7811-A3C745DE683D}.Debug|Any CPU.Build.0 = Debug|Any CPU
		{9CDF284B-A490-E309-7811-A3C745DE683D}.Release|Any CPU.ActiveCfg = Release|Any CPU
		{9CDF284B-A490-E309-7811-A3C745DE683D}.Release|Any CPU.Build.0 = Release|Any CPU
	EndGlobalSection
	GlobalSection(SolutionProperties) = preSolution
		HideSolutionNode = FALSE
	EndGlobalSection
	GlobalSection(NestedProjects) = preSolution
		{9DF5641A-4CF8-72F8-F709-0D26D0F47C18} = {9E205E43-5F52-49B0-AE39-575835EB9930}
		{9CDF284B-A490-E309-7811-A3C745DE683D} = {9E205E43-5F52-49B0-AE39-575835EB9930}
	EndGlobalSection
	GlobalSection(ExtensibilityGlobals) = postSolution
		SolutionGuid = {85BAE356-F745-4D18-B781-772E7D0D174E}
	EndGlobalSection
EndGlobal
